
Microsoft Visual Studio Solution File, Format Version 12.00
# Visual Studio Version 16
VisualStudioVersion = 16.0.30804.86
MinimumVisualStudioVersion = 10.0.40219.1
Project("{FAE04EC0-301F-11D3-BF4B-00C04F79EFBC}") = "BrieAPI", "BrieAPI\BrieAPI.csproj", "{0F5B2E0B-BBC4-46C6-903E-80E45F051A0B}"
EndProject
Global
	GlobalSection(SolutionConfigurationPlatforms) = preSolution
		Debug|Any CPU = Debug|Any CPU
		Release|Any CPU = Release|Any CPU
	EndGlobalSection
	GlobalSection(ProjectConfigurationPlatforms) = postSolution
		{0F5B2E0B-BBC4-46C6-903E-80E45F051A0B}.Debug|Any CPU.ActiveCfg = Debug|Any CPU
		{0F5B2E0B-BBC4-46C6-903E-80E45F051A0B}.Debug|Any CPU.Build.0 = Debug|Any CPU
		{0F5B2E0B-BBC4-46C6-903E-80E45F051A0B}.Release|Any CPU.ActiveCfg = Release|Any CPU
		{0F5B2E0B-BBC4-46C6-903E-80E45F051A0B}.Release|Any CPU.Build.0 = Release|Any CPU
	EndGlobalSection
	GlobalSection(SolutionProperties) = preSolution
		HideSolutionNode = FALSE
	EndGlobalSection
	GlobalSection(ExtensibilityGlobals) = postSolution
		SolutionGuid = {8F2F251F-0046-4029-9040-56D6E02A02C4}
	EndGlobalSection
EndGlobal
